
Microsoft Visual Studio Solution File, Format Version 12.00
# Visual Studio Version 16
VisualStudioVersion = 16.0.31624.102
MinimumVisualStudioVersion = 10.0.40219.1
Project("{FAE04EC0-301F-11D3-BF4B-00C04F79EFBC}") = "Säkerhet", "Säkerhet\Säkerhet.csproj", "{FEFC0CDC-FCEE-4401-8A41-4198CBBC38E3}"
EndProject
Global
	GlobalSection(SolutionConfigurationPlatforms) = preSolution
		Debug|Any CPU = Debug|Any CPU
		Release|Any CPU = Release|Any CPU
	EndGlobalSection
	GlobalSection(ProjectConfigurationPlatforms) = postSolution
		{FEFC0CDC-FCEE-4401-8A41-4198CBBC38E3}.Debug|Any CPU.ActiveCfg = Debug|Any CPU
		{FEFC0CDC-FCEE-4401-8A41-4198CBBC38E3}.Debug|Any CPU.Build.0 = Debug|Any CPU
		{FEFC0CDC-FCEE-4401-8A41-4198CBBC38E3}.Release|Any CPU.ActiveCfg = Release|Any CPU
		{FEFC0CDC-FCEE-4401-8A41-4198CBBC38E3}.Release|Any CPU.Build.0 = Release|Any CPU
	EndGlobalSection
	GlobalSection(SolutionProperties) = preSolution
		HideSolutionNode = FALSE
	EndGlobalSection
	GlobalSection(ExtensibilityGlobals) = postSolution
		SolutionGuid = {90FABFBE-01A4-4D82-871C-C546E726819F}
	EndGlobalSection
EndGlobal
